// !$*UTF8*$!
{
	archiveVersion = 1;
	classes = {
	};
	objectVersion = 50;
	objects = {

/* Begin PBXBuildFile section */
		AC7BD50520AB94B700F25B3B /* AppDelegate.swift in Sources */ = {isa = PBXBuildFile; fileRef = AC7BD50420AB94B700F25B3B /* AppDelegate.swift */; };
		AC7BD50720AB94B700F25B3B /* ViewController.swift in Sources */ = {isa = PBXBuildFile; fileRef = AC7BD50620AB94B700F25B3B /* ViewController.swift */; };
		AC7BD50A20AB94B700F25B3B /* Main.storyboard in Resources */ = {isa = PBXBuildFile; fileRef = AC7BD50820AB94B700F25B3B /* Main.storyboard */; };
		AC7BD50C20AB94BB00F25B3B /* Assets.xcassets in Resources */ = {isa = PBXBuildFile; fileRef = AC7BD50B20AB94BB00F25B3B /* Assets.xcassets */; };
		AC7BD50F20AB94BB00F25B3B /* LaunchScreen.storyboard in Resources */ = {isa = PBXBuildFile; fileRef = AC7BD50D20AB94BB00F25B3B /* LaunchScreen.storyboard */; };
		AC7BD51A20AB94BB00F25B3B /* CalculatorTests.swift in Sources */ = {isa = PBXBuildFile; fileRef = AC7BD51920AB94BB00F25B3B /* CalculatorTests.swift */; };
		AC7BD52520AB94BB00F25B3B /* CalculatorUITests.swift in Sources */ = {isa = PBXBuildFile; fileRef = AC7BD52420AB94BB00F25B3B /* CalculatorUITests.swift */; };
/* End PBXBuildFile section */

/* Begin PBXContainerItemProxy section */
		AC7BD51620AB94BB00F25B3B /* PBXContainerItemProxy */ = {
			isa = PBXContainerItemProxy;
			containerPortal = AC7BD4F920AB94B700F25B3B /* Project object */;
			proxyType = 1;
			remoteGlobalIDString = AC7BD50020AB94B700F25B3B;
			remoteInfo = Calculator;
		};
		AC7BD52120AB94BB00F25B3B /* PBXContainerItemProxy */ = {
			isa = PBXContainerItemProxy;
			containerPortal = AC7BD4F920AB94B700F25B3B /* Project object */;
			proxyType = 1;
			remoteGlobalIDString = AC7BD50020AB94B700F25B3B;
			remoteInfo = Calculator;
		};
/* End PBXContainerItemProxy section */

/* Begin PBXFileReference section */
		AC7BD50120AB94B700F25B3B /* Calculator.app */ = {isa = PBXFileReference; explicitFileType = wrapper.application; includeInIndex = 0; path = Calculator.app; sourceTree = BUILT_PRODUCTS_DIR; };
		AC7BD50420AB94B700F25B3B /* AppDelegate.swift */ = {isa = PBXFileReference; lastKnownFileType = sourcecode.swift; path = AppDelegate.swift; sourceTree = "<group>"; };
		AC7BD50620AB94B700F25B3B /* ViewController.swift */ = {isa = PBXFileReference; lastKnownFileType = sourcecode.swift; path = ViewController.swift; sourceTree = "<group>"; };
		AC7BD50920AB94B700F25B3B /* Base */ = {isa = PBXFileReference; lastKnownFileType = file.storyboard; name = Base; path = Base.lproj/Main.storyboard; sourceTree = "<group>"; };
		AC7BD50B20AB94BB00F25B3B /* Assets.xcassets */ = {isa = PBXFileReference; lastKnownFileType = folder.assetcatalog; path = Assets.xcassets; sourceTree = "<group>"; };
		AC7BD50E20AB94BB00F25B3B /* Base */ = {isa = PBXFileReference; lastKnownFileType = file.storyboard; name = Base; path = Base.lproj/LaunchScreen.storyboard; sourceTree = "<group>"; };
		AC7BD51020AB94BB00F25B3B /* Info.plist */ = {isa = PBXFileReference; lastKnownFileType = text.plist.xml; path = Info.plist; sourceTree = "<group>"; };
		AC7BD51520AB94BB00F25B3B /* CalculatorTests.xctest */ = {isa = PBXFileReference; explicitFileType = wrapper.cfbundle; includeInIndex = 0; path = CalculatorTests.xctest; sourceTree = BUILT_PRODUCTS_DIR; };
		AC7BD51920AB94BB00F25B3B /* CalculatorTests.swift */ = {isa = PBXFileReference; lastKnownFileType = sourcecode.swift; path = CalculatorTests.swift; sourceTree = "<group>"; };
		AC7BD51B20AB94BB00F25B3B /* Info.plist */ = {isa = PBXFileReference; lastKnownFileType = text.plist.xml; path = Info.plist; sourceTree = "<group>"; };
		AC7BD52020AB94BB00F25B3B /* CalculatorUITests.xctest */ = {isa = PBXFileReference; explicitFileType = wrapper.cfbundle; includeInIndex = 0; path = CalculatorUITests.xctest; sourceTree = BUILT_PRODUCTS_DIR; };
		AC7BD52420AB94BB00F25B3B /* CalculatorUITests.swift */ = {isa = PBXFileReference; lastKnownFileType = sourcecode.swift; path = CalculatorUITests.swift; sourceTree = "<group>"; };
		AC7BD52620AB94BB00F25B3B /* Info.plist */ = {isa = PBXFileReference; lastKnownFileType = text.plist.xml; path = Info.plist; sourceTree = "<group>"; };
/* End PBXFileReference section */

/* Begin PBXFrameworksBuildPhase section */
		AC7BD4FE20AB94B700F25B3B /* Frameworks */ = {
			isa = PBXFrameworksBuildPhase;
			buildActionMask = 2147483647;
			files = (
			);
			runOnlyForDeploymentPostprocessing = 0;
		};
		AC7BD51220AB94BB00F25B3B /* Frameworks */ = {
			isa = PBXFrameworksBuildPhase;
			buildActionMask = 2147483647;
			files = (
			);
			runOnlyForDeploymentPostprocessing = 0;
		};
		AC7BD51D20AB94BB00F25B3B /* Frameworks */ = {
			isa = PBXFrameworksBuildPhase;
			buildActionMask = 2147483647;
			files = (
			);
			runOnlyForDeploymentPostprocessing = 0;
		};
/* End PBXFrameworksBuildPhase section */

/* Begin PBXGroup section */
		AC7BD4F820AB94B700F25B3B = {
			isa = PBXGroup;
			children = (
				AC7BD50320AB94B700F25B3B /* Calculator */,
				AC7BD51820AB94BB00F25B3B /* CalculatorTests */,
				AC7BD52320AB94BB00F25B3B /* CalculatorUITests */,
				AC7BD50220AB94B700F25B3B /* Products */,
			);
			sourceTree = "<group>";
		};
		AC7BD50220AB94B700F25B3B /* Products */ = {
			isa = PBXGroup;
			children = (
				AC7BD50120AB94B700F25B3B /* Calculator.app */,
				AC7BD51520AB94BB00F25B3B /* CalculatorTests.xctest */,
				AC7BD52020AB94BB00F25B3B /* CalculatorUITests.xctest */,
			);
			name = Products;
			sourceTree = "<group>";
		};
		AC7BD50320AB94B700F25B3B /* Calculator */ = {
			isa = PBXGroup;
			children = (
				AC7BD50420AB94B700F25B3B /* AppDelegate.swift */,
				AC7BD50620AB94B700F25B3B /* ViewController.swift */,
				AC7BD50820AB94B700F25B3B /* Main.storyboard */,
				AC7BD50B20AB94BB00F25B3B /* Assets.xcassets */,
				AC7BD50D20AB94BB00F25B3B /* LaunchScreen.storyboard */,
				AC7BD51020AB94BB00F25B3B /* Info.plist */,
			);
			path = Calculator;
			sourceTree = "<group>";
		};
		AC7BD51820AB94BB00F25B3B /* CalculatorTests */ = {
			isa = PBXGroup;
			children = (
				AC7BD51920AB94BB00F25B3B /* CalculatorTests.swift */,
				AC7BD51B20AB94BB00F25B3B /* Info.plist */,
			);
			path = CalculatorTests;
			sourceTree = "<group>";
		};
		AC7BD52320AB94BB00F25B3B /* CalculatorUITests */ = {
			isa = PBXGroup;
			children = (
				AC7BD52420AB94BB00F25B3B /* CalculatorUITests.swift */,
				AC7BD52620AB94BB00F25B3B /* Info.plist */,
			);
			path = CalculatorUITests;
			sourceTree = "<group>";
		};
/* End PBXGroup section */

/* Begin PBXNativeTarget section */
		AC7BD50020AB94B700F25B3B /* Calculator */ = {
			isa = PBXNativeTarget;
			buildConfigurationList = AC7BD52920AB94BB00F25B3B /* Build configuration list for PBXNativeTarget "Calculator" */;
			buildPhases = (
				AC7BD4FD20AB94B700F25B3B /* Sources */,
				AC7BD4FE20AB94B700F25B3B /* Frameworks */,
				AC7BD4FF20AB94B700F25B3B /* Resources */,
			);
			buildRules = (
			);
			dependencies = (
			);
			name = Calculator;
			productName = Calculator;
			productReference = AC7BD50120AB94B700F25B3B /* Calculator.app */;
			productType = "com.apple.product-type.application";
		};
		AC7BD51420AB94BB00F25B3B /* CalculatorTests */ = {
			isa = PBXNativeTarget;
			buildConfigurationList = AC7BD52C20AB94BB00F25B3B /* Build configuration list for PBXNativeTarget "CalculatorTests" */;
			buildPhases = (
				AC7BD51120AB94BB00F25B3B /* Sources */,
				AC7BD51220AB94BB00F25B3B /* Frameworks */,
				AC7BD51320AB94BB00F25B3B /* Resources */,
			);
			buildRules = (
			);
			dependencies = (
				AC7BD51720AB94BB00F25B3B /* PBXTargetDependency */,
			);
			name = CalculatorTests;
			productName = CalculatorTests;
			productReference = AC7BD51520AB94BB00F25B3B /* CalculatorTests.xctest */;
			productType = "com.apple.product-type.bundle.unit-test";
		};
		AC7BD51F20AB94BB00F25B3B /* CalculatorUITests */ = {
			isa = PBXNativeTarget;
			buildConfigurationList = AC7BD52F20AB94BB00F25B3B /* Build configuration list for PBXNativeTarget "CalculatorUITests" */;
			buildPhases = (
				AC7BD51C20AB94BB00F25B3B /* Sources */,
				AC7BD51D20AB94BB00F25B3B /* Frameworks */,
				AC7BD51E20AB94BB00F25B3B /* Resources */,
			);
			buildRules = (
			);
			dependencies = (
				AC7BD52220AB94BB00F25B3B /* PBXTargetDependency */,
			);
			name = CalculatorUITests;
			productName = CalculatorUITests;
			productReference = AC7BD52020AB94BB00F25B3B /* CalculatorUITests.xctest */;
			productType = "com.apple.product-type.bundle.ui-testing";
		};
/* End PBXNativeTarget section */

/* Begin PBXProject section */
		AC7BD4F920AB94B700F25B3B /* Project object */ = {
			isa = PBXProject;
			attributes = {
				LastSwiftUpdateCheck = 0930;
				LastUpgradeCheck = 0930;
				ORGANIZATIONNAME = Bart;
				TargetAttributes = {
					AC7BD50020AB94B700F25B3B = {
						CreatedOnToolsVersion = 9.3.1;
					};
					AC7BD51420AB94BB00F25B3B = {
						CreatedOnToolsVersion = 9.3.1;
						TestTargetID = AC7BD50020AB94B700F25B3B;
					};
					AC7BD51F20AB94BB00F25B3B = {
						CreatedOnToolsVersion = 9.3.1;
						TestTargetID = AC7BD50020AB94B700F25B3B;
					};
				};
			};
			buildConfigurationList = AC7BD4FC20AB94B700F25B3B /* Build configuration list for PBXProject "Calculator" */;
			compatibilityVersion = "Xcode 9.3";
			developmentRegion = en;
			hasScannedForEncodings = 0;
			knownRegions = (
				en,
				Base,
			);
			mainGroup = AC7BD4F820AB94B700F25B3B;
			productRefGroup = AC7BD50220AB94B700F25B3B /* Products */;
			projectDirPath = "";
			projectRoot = "";
			targets = (
				AC7BD50020AB94B700F25B3B /* Calculator */,
				AC7BD51420AB94BB00F25B3B /* CalculatorTests */,
				AC7BD51F20AB94BB00F25B3B /* CalculatorUITests */,
			);
		};
/* End PBXProject section */

/* Begin PBXResourcesBuildPhase section */
		AC7BD4FF20AB94B700F25B3B /* Resources */ = {
			isa = PBXResourcesBuildPhase;
			buildActionMask = 2147483647;
			files = (
				AC7BD50F20AB94BB00F25B3B /* LaunchScreen.storyboard in Resources */,
				AC7BD50C20AB94BB00F25B3B /* Assets.xcassets in Resources */,
				AC7BD50A20AB94B700F25B3B /* Main.storyboard in Resources */,
			);
			runOnlyForDeploymentPostprocessing = 0;
		};
		AC7BD51320AB94BB00F25B3B /* Resources */ = {
			isa = PBXResourcesBuildPhase;
			buildActionMask = 2147483647;
			files = (
			);
			runOnlyForDeploymentPostprocessing = 0;
		};
		AC7BD51E20AB94BB00F25B3B /* Resources */ = {
			isa = PBXResourcesBuildPhase;
			buildActionMask = 2147483647;
			files = (
			);
			runOnlyForDeploymentPostprocessing = 0;
		};
/* End PBXResourcesBuildPhase section */

/* Begin PBXSourcesBuildPhase section */
		AC7BD4FD20AB94B700F25B3B /* Sources */ = {
			isa = PBXSourcesBuildPhase;
			buildActionMask = 2147483647;
			files = (
				AC7BD50720AB94B700F25B3B /* ViewController.swift in Sources */,
				AC7BD50520AB94B700F25B3B /* AppDelegate.swift in Sources */,
			);
			runOnlyForDeploymentPostprocessing = 0;
		};
		AC7BD51120AB94BB00F25B3B /* Sources */ = {
			isa = PBXSourcesBuildPhase;
			buildActionMask = 2147483647;
			files = (
				AC7BD51A20AB94BB00F25B3B /* CalculatorTests.swift in Sources */,
			);
			runOnlyForDeploymentPostprocessing = 0;
		};
		AC7BD51C20AB94BB00F25B3B /* Sources */ = {
			isa = PBXSourcesBuildPhase;
			buildActionMask = 2147483647;
			files = (
				AC7BD52520AB94BB00F25B3B /* CalculatorUITests.swift in Sources */,
			);
			runOnlyForDeploymentPostprocessing = 0;
		};
/* End PBXSourcesBuildPhase section */

/* Begin PBXTargetDependency section */
		AC7BD51720AB94BB00F25B3B /* PBXTargetDependency */ = {
			isa = PBXTargetDependency;
			target = AC7BD50020AB94B700F25B3B /* Calculator */;
			targetProxy = AC7BD51620AB94BB00F25B3B /* PBXContainerItemProxy */;
		};
		AC7BD52220AB94BB00F25B3B /* PBXTargetDependency */ = {
			isa = PBXTargetDependency;
			target = AC7BD50020AB94B700F25B3B /* Calculator */;
			targetProxy = AC7BD52120AB94BB00F25B3B /* PBXContainerItemProxy */;
		};
/* End PBXTargetDependency section */

/* Begin PBXVariantGroup section */
		AC7BD50820AB94B700F25B3B /* Main.storyboard */ = {
			isa = PBXVariantGroup;
			children = (
				AC7BD50920AB94B700F25B3B /* Base */,
			);
			name = Main.storyboard;
			sourceTree = "<group>";
		};
		AC7BD50D20AB94BB00F25B3B /* LaunchScreen.storyboard */ = {
			isa = PBXVariantGroup;
			children = (
				AC7BD50E20AB94BB00F25B3B /* Base */,
			);
			name = LaunchScreen.storyboard;
			sourceTree = "<group>";
		};
/* End PBXVariantGroup section */

/* Begin XCBuildConfiguration section */
		AC7BD52720AB94BB00F25B3B /* Debug */ = {
			isa = XCBuildConfiguration;
			buildSettings = {
				ALWAYS_SEARCH_USER_PATHS = NO;
				CLANG_ANALYZER_NONNULL = YES;
				CLANG_ANALYZER_NUMBER_OBJECT_CONVERSION = YES_AGGRESSIVE;
				CLANG_CXX_LANGUAGE_STANDARD = "gnu++14";
				CLANG_CXX_LIBRARY = "libc++";
				CLANG_ENABLE_MODULES = YES;
				CLANG_ENABLE_OBJC_ARC = YES;
				CLANG_ENABLE_OBJC_WEAK = YES;
				CLANG_WARN_BLOCK_CAPTURE_AUTORELEASING = YES;
				CLANG_WARN_BOOL_CONVERSION = YES;
				CLANG_WARN_COMMA = YES;
				CLANG_WARN_CONSTANT_CONVERSION = YES;
				CLANG_WARN_DEPRECATED_OBJC_IMPLEMENTATIONS = YES;
				CLANG_WARN_DIRECT_OBJC_ISA_USAGE = YES_ERROR;
				CLANG_WARN_DOCUMENTATION_COMMENTS = YES;
				CLANG_WARN_EMPTY_BODY = YES;
				CLANG_WARN_ENUM_CONVERSION = YES;
				CLANG_WARN_INFINITE_RECURSION = YES;
				CLANG_WARN_INT_CONVERSION = YES;
				CLANG_WARN_NON_LITERAL_NULL_CONVERSION = YES;
				CLANG_WARN_OBJC_IMPLICIT_RETAIN_SELF = YES;
				CLANG_WARN_OBJC_LITERAL_CONVERSION = YES;
				CLANG_WARN_OBJC_ROOT_CLASS = YES_ERROR;
				CLANG_WARN_RANGE_LOOP_ANALYSIS = YES;
				CLANG_WARN_STRICT_PROTOTYPES = YES;
				CLANG_WARN_SUSPICIOUS_MOVE = YES;
				CLANG_WARN_UNGUARDED_AVAILABILITY = YES_AGGRESSIVE;
				CLANG_WARN_UNREACHABLE_CODE = YES;
				CLANG_WARN__DUPLICATE_METHOD_MATCH = YES;
				CODE_SIGN_IDENTITY = "iPhone Developer";
				COPY_PHASE_STRIP = NO;
				DEBUG_INFORMATION_FORMAT = dwarf;
				ENABLE_STRICT_OBJC_MSGSEND = YES;
				ENABLE_TESTABILITY = YES;
				GCC_C_LANGUAGE_STANDARD = gnu11;
				GCC_DYNAMIC_NO_PIC = NO;
				GCC_NO_COMMON_BLOCKS = YES;
				GCC_OPTIMIZATION_LEVEL = 0;
				GCC_PREPROCESSOR_DEFINITIONS = (
					"DEBUG=1",
					"$(inherited)",
				);
				GCC_WARN_64_TO_32_BIT_CONVERSION = YES;
				GCC_WARN_ABOUT_RETURN_TYPE = YES_ERROR;
				GCC_WARN_UNDECLARED_SELECTOR = YES;
				GCC_WARN_UNINITIALIZED_AUTOS = YES_AGGRESSIVE;
				GCC_WARN_UNUSED_FUNCTION = YES;
				GCC_WARN_UNUSED_VARIABLE = YES;
				IPHONEOS_DEPLOYMENT_TARGET = 11.3;
				MTL_ENABLE_DEBUG_INFO = YES;
				ONLY_ACTIVE_ARCH = YES;
				SDKROOT = iphoneos;
				SWIFT_ACTIVE_COMPILATION_CONDITIONS = DEBUG;
				SWIFT_OPTIMIZATION_LEVEL = "-Onone";
			};
			name = Debug;
		};
		AC7BD52820AB94BB00F25B3B /* Release */ = {
			isa = XCBuildConfiguration;
			buildSettings = {
				ALWAYS_SEARCH_USER_PATHS = NO;
				CLANG_ANALYZER_NONNULL = YES;
				CLANG_ANALYZER_NUMBER_OBJECT_CONVERSION = YES_AGGRESSIVE;
				CLANG_CXX_LANGUAGE_STANDARD = "gnu++14";
				CLANG_CXX_LIBRARY = "libc++";
				CLANG_ENABLE_MODULES = YES;
				CLANG_ENABLE_OBJC_ARC = YES;
				CLANG_ENABLE_OBJC_WEAK = YES;
				CLANG_WARN_BLOCK_CAPTURE_AUTORELEASING = YES;
				CLANG_WARN_BOOL_CONVERSION = YES;
				CLANG_WARN_COMMA = YES;
				CLANG_WARN_CONSTANT_CONVERSION = YES;
				CLANG_WARN_DEPRECATED_OBJC_IMPLEMENTATIONS = YES;
				CLANG_WARN_DIRECT_OBJC_ISA_USAGE = YES_ERROR;
				CLANG_WARN_DOCUMENTATION_COMMENTS = YES;
				CLANG_WARN_EMPTY_BODY = YES;
				CLANG_WARN_ENUM_CONVERSION = YES;
				CLANG_WARN_INFINITE_RECURSION = YES;
				CLANG_WARN_INT_CONVERSION = YES;
				CLANG_WARN_NON_LITERAL_NULL_CONVERSION = YES;
				CLANG_WARN_OBJC_IMPLICIT_RETAIN_SELF = YES;
				CLANG_WARN_OBJC_LITERAL_CONVERSION = YES;
				CLANG_WARN_OBJC_ROOT_CLASS = YES_ERROR;
				CLANG_WARN_RANGE_LOOP_ANALYSIS = YES;
				CLANG_WARN_STRICT_PROTOTYPES = YES;
				CLANG_WARN_SUSPICIOUS_MOVE = YES;
				CLANG_WARN_UNGUARDED_AVAILABILITY = YES_AGGRESSIVE;
				CLANG_WARN_UNREACHABLE_CODE = YES;
				CLANG_WARN__DUPLICATE_METHOD_MATCH = YES;
				CODE_SIGN_IDENTITY = "iPhone Developer";
				COPY_PHASE_STRIP = NO;
				DEBUG_INFORMATION_FORMAT = "dwarf-with-dsym";
				ENABLE_NS_ASSERTIONS = NO;
				ENABLE_STRICT_OBJC_MSGSEND = YES;
				GCC_C_LANGUAGE_STANDARD = gnu11;
				GCC_NO_COMMON_BLOCKS = YES;
				GCC_WARN_64_TO_32_BIT_CONVERSION = YES;
				GCC_WARN_ABOUT_RETURN_TYPE = YES_ERROR;
				GCC_WARN_UNDECLARED_SELECTOR = YES;
				GCC_WARN_UNINITIALIZED_AUTOS = YES_AGGRESSIVE;
				GCC_WARN_UNUSED_FUNCTION = YES;
				GCC_WARN_UNUSED_VARIABLE = YES;
				IPHONEOS_DEPLOYMENT_TARGET = 11.3;
				MTL_ENABLE_DEBUG_INFO = NO;
				SDKROOT = iphoneos;
				SWIFT_COMPILATION_MODE = wholemodule;
				SWIFT_OPTIMIZATION_LEVEL = "-O";
				VALIDATE_PRODUCT = YES;
			};
			name = Release;
		};
		AC7BD52A20AB94BB00F25B3B /* Debug */ = {
			isa = XCBuildConfiguration;
			buildSettings = {
				ASSETCATALOG_COMPILER_APPICON_NAME = AppIcon;
				CODE_SIGN_STYLE = Automatic;
				DEVELOPMENT_TEAM = 6LNGNVMN5Y;
				INFOPLIST_FILE = Calculator/Info.plist;
				IPHONEOS_DEPLOYMENT_TARGET = 11.0;
				LD_RUNPATH_SEARCH_PATHS = (
					"$(inherited)",
					"@executable_path/Frameworks",
				);
				PRODUCT_BUNDLE_IDENTIFIER = com.bart.Calculator;
				PRODUCT_NAME = "$(TARGET_NAME)";
				SWIFT_VERSION = 4.0;
				TARGETED_DEVICE_FAMILY = "1,2";
			};
			name = Debug;
		};
		AC7BD52B20AB94BB00F25B3B /* Release */ = {
			isa = XCBuildConfiguration;
			buildSettings = {
				ASSETCATALOG_COMPILER_APPICON_NAME = AppIcon;
				CODE_SIGN_STYLE = Automatic;
				DEVELOPMENT_TEAM = 6LNGNVMN5Y;
				INFOPLIST_FILE = Calculator/Info.plist;
				IPHONEOS_DEPLOYMENT_TARGET = 11.0;
				LD_RUNPATH_SEARCH_PATHS = (
					"$(inherited)",
					"@executable_path/Frameworks",
				);
				PRODUCT_BUNDLE_IDENTIFIER = com.bart.Calculator;
				PRODUCT_NAME = "$(TARGET_NAME)";
				SWIFT_VERSION = 4.0;
				TARGETED_DEVICE_FAMILY = "1,2";
			};
			name = Release;
		};
		AC7BD52D20AB94BB00F25B3B /* Debug */ = {
			isa = XCBuildConfiguration;
			buildSettings = {
				ALWAYS_EMBED_SWIFT_STANDARD_LIBRARIES = YES;
				BUNDLE_LOADER = "$(TEST_HOST)";
				CODE_SIGN_STYLE = Automatic;
				DEVELOPMENT_TEAM = 6LNGNVMN5Y;
				INFOPLIST_FILE = CalculatorTests/Info.plist;
				LD_RUNPATH_SEARCH_PATHS = (
					"$(inherited)",
					"@executable_path/Frameworks",
					"@loader_path/Frameworks",
				);
				PRODUCT_BUNDLE_IDENTIFIER = com.bart.CalculatorTests;
				PRODUCT_NAME = "$(TARGET_NAME)";
				SWIFT_VERSION = 4.0;
				TARGETED_DEVICE_FAMILY = "1,2";
				TEST_HOST = "$(BUILT_PRODUCTS_DIR)/Calculator.app/Calculator";
			};
			name = Debug;
		};
		AC7BD52E20AB94BB00F25B3B /* Release */ = {
			isa = XCBuildConfiguration;
			buildSettings = {
				ALWAYS_EMBED_SWIFT_STANDARD_LIBRARIES = YES;
				BUNDLE_LOADER = "$(TEST_HOST)";
				CODE_SIGN_STYLE = Automatic;
				DEVELOPMENT_TEAM = 6LNGNVMN5Y;
				INFOPLIST_FILE = CalculatorTests/Info.plist;
				LD_RUNPATH_SEARCH_PATHS = (
					"$(inherited)",
					"@executable_path/Frameworks",
					"@loader_path/Frameworks",
				);
				PRODUCT_BUNDLE_IDENTIFIER = com.bart.CalculatorTests;
				PRODUCT_NAME = "$(TARGET_NAME)";
				SWIFT_VERSION = 4.0;
				TARGETED_DEVICE_FAMILY = "1,2";
				TEST_HOST = "$(BUILT_PRODUCTS_DIR)/Calculator.app/Calculator";
			};
			name = Release;
		};
		AC7BD53020AB94BB00F25B3B /* Debug */ = {
			isa = XCBuildConfiguration;
			buildSettings = {
				ALWAYS_EMBED_SWIFT_STANDARD_LIBRARIES = YES;
				CODE_SIGN_STYLE = Automatic;
				DEVELOPMENT_TEAM = 6LNGNVMN5Y;
				INFOPLIST_FILE = CalculatorUITests/Info.plist;
				LD_RUNPATH_SEARCH_PATHS = (
					"$(inherited)",
					"@executable_path/Frameworks",
					"@loader_path/Frameworks",
				);
				PRODUCT_BUNDLE_IDENTIFIER = com.bart.CalculatorUITests;
				PRODUCT_NAME = "$(TARGET_NAME)";
				SWIFT_VERSION = 4.0;
				TARGETED_DEVICE_FAMILY = "1,2";
				TEST_TARGET_NAME = Calculator;
			};
			name = Debug;
		};
		AC7BD53120AB94BB00F25B3B /* Release */ = {
			isa = XCBuildConfiguration;
			buildSettings = {
				ALWAYS_EMBED_SWIFT_STANDARD_LIBRARIES = YES;
				CODE_SIGN_STYLE = Automatic;
				DEVELOPMENT_TEAM = 6LNGNVMN5Y;
				INFOPLIST_FILE = CalculatorUITests/Info.plist;
				LD_RUNPATH_SEARCH_PATHS = (
					"$(inherited)",
					"@executable_path/Frameworks",
					"@loader_path/Frameworks",
				);
				PRODUCT_BUNDLE_IDENTIFIER = com.bart.CalculatorUITests;
				PRODUCT_NAME = "$(TARGET_NAME)";
				SWIFT_VERSION = 4.0;
				TARGETED_DEVICE_FAMILY = "1,2";
				TEST_TARGET_NAME = Calculator;
			};
			name = Release;
		};
/* End XCBuildConfiguration section */

/* Begin XCConfigurationList section */
		AC7BD4FC20AB94B700F25B3B /* Build configuration list for PBXProject "Calculator" */ = {
			isa = XCConfigurationList;
			buildConfigurations = (
				AC7BD52720AB94BB00F25B3B /* Debug */,
				AC7BD52820AB94BB00F25B3B /* Release */,
			);
			defaultConfigurationIsVisible = 0;
			defaultConfigurationName = Release;
		};
		AC7BD52920AB94BB00F25B3B /* Build configuration list for PBXNativeTarget "Calculator" */ = {
			isa = XCConfigurationList;
			buildConfigurations = (
				AC7BD52A20AB94BB00F25B3B /* Debug */,
				AC7BD52B20AB94BB00F25B3B /* Release */,
			);
			defaultConfigurationIsVisible = 0;
			defaultConfigurationName = Release;
		};
		AC7BD52C20AB94BB00F25B3B /* Build configuration list for PBXNativeTarget "CalculatorTests" */ = {
			isa = XCConfigurationList;
			buildConfigurations = (
				AC7BD52D20AB94BB00F25B3B /* Debug */,
				AC7BD52E20AB94BB00F25B3B /* Release */,
			);
			defaultConfigurationIsVisible = 0;
			defaultConfigurationName = Release;
		};
		AC7BD52F20AB94BB00F25B3B /* Build configuration list for PBXNativeTarget "CalculatorUITests" */ = {
			isa = XCConfigurationList;
			buildConfigurations = (
				AC7BD53020AB94BB00F25B3B /* Debug */,
				AC7BD53120AB94BB00F25B3B /* Release */,
			);
			defaultConfigurationIsVisible = 0;
			defaultConfigurationName = Release;
		};
/* End XCConfigurationList section */
	};
	rootObject = AC7BD4F920AB94B700F25B3B /* Project object */;
}
